
Microsoft Visual Studio Solution File, Format Version 12.00
# Visual Studio Version 17
VisualStudioVersion = 17.7.34221.43
MinimumVisualStudioVersion = 10.0.40219.1
Project("{8BC9CEB8-8B4A-11D0-8D11-00A0C91BC942}") = "Counter", "Counter\Counter.vcxproj", "{7543F902-3F7D-4A70-8122-82F242F43A5D}"
EndProject
Project("{8BC9CEB8-8B4A-11D0-8D11-00A0C91BC942}") = "ApplicationTest", "ApplicationTest\ApplicationTest.vcxproj", "{11DDD49B-CC10-4B8C-B578-146C9893961B}"
	ProjectSection(ProjectDependencies) = postProject
		{7543F902-3F7D-4A70-8122-82F242F43A5D} = {7543F902-3F7D-4A70-8122-82F242F43A5D}
	EndProjectSection
EndProject
Global
	GlobalSection(SolutionConfigurationPlatforms) = preSolution
		Debug|x64 = Debug|x64
		Debug|x86 = Debug|x86
		Release|x64 = Release|x64
		Release|x86 = Release|x86
	EndGlobalSection
	GlobalSection(ProjectConfigurationPlatforms) = postSolution
		{7543F902-3F7D-4A70-8122-82F242F43A5D}.Debug|x64.ActiveCfg = Debug|x64
		{7543F902-3F7D-4A70-8122-82F242F43A5D}.Debug|x64.Build.0 = Debug|x64
		{7543F902-3F7D-4A70-8122-82F242F43A5D}.Debug|x86.ActiveCfg = Debug|Win32
		{7543F902-3F7D-4A70-8122-82F242F43A5D}.Debug|x86.Build.0 = Debug|Win32
		{7543F902-3F7D-4A70-8122-82F242F43A5D}.Release|x64.ActiveCfg = Release|x64
		{7543F902-3F7D-4A70-8122-82F242F43A5D}.Release|x64.Build.0 = Release|x64
		{7543F902-3F7D-4A70-8122-82F242F43A5D}.Release|x86.ActiveCfg = Release|Win32
		{7543F902-3F7D-4A70-8122-82F242F43A5D}.Release|x86.Build.0 = Release|Win32
		{11DDD49B-CC10-4B8C-B578-146C9893961B}.Debug|x64.ActiveCfg = Debug|x64
		{11DDD49B-CC10-4B8C-B578-146C9893961B}.Debug|x64.Build.0 = Debug|x64
		{11DDD49B-CC10-4B8C-B578-146C9893961B}.Debug|x86.ActiveCfg = Debug|Win32
		{11DDD49B-CC10-4B8C-B578-146C9893961B}.Debug|x86.Build.0 = Debug|Win32
		{11DDD49B-CC10-4B8C-B578-146C9893961B}.Release|x64.ActiveCfg = Release|x64
		{11DDD49B-CC10-4B8C-B578-146C9893961B}.Release|x64.Build.0 = Release|x64
		{11DDD49B-CC10-4B8C-B578-146C9893961B}.Release|x86.ActiveCfg = Release|Win32
		{11DDD49B-CC10-4B8C-B578-146C9893961B}.Release|x86.Build.0 = Release|Win32
	EndGlobalSection
	GlobalSection(SolutionProperties) = preSolution
		HideSolutionNode = FALSE
	EndGlobalSection
	GlobalSection(ExtensibilityGlobals) = postSolution
		SolutionGuid = {0E8BE086-44F8-4F1A-A96D-CE5E258523AF}
	EndGlobalSection
EndGlobal
